
Microsoft Visual Studio Solution File, Format Version 12.00
# Visual Studio Version 16
VisualStudioVersion = 16.0.31515.178
MinimumVisualStudioVersion = 10.0.40219.1
Project("{FAE04EC0-301F-11D3-BF4B-00C04F79EFBC}") = "TimeSeriesUI", "TimeSeriesUI\TimeSeriesUI.csproj", "{185BF441-016E-49CB-AA26-E5793CD9B1AA}"
EndProject
Global
	GlobalSection(SolutionConfigurationPlatforms) = preSolution
		Debug|Any CPU = Debug|Any CPU
		Release|Any CPU = Release|Any CPU
	EndGlobalSection
	GlobalSection(ProjectConfigurationPlatforms) = postSolution
		{185BF441-016E-49CB-AA26-E5793CD9B1AA}.Debug|Any CPU.ActiveCfg = Debug|Any CPU
		{185BF441-016E-49CB-AA26-E5793CD9B1AA}.Debug|Any CPU.Build.0 = Debug|Any CPU
		{185BF441-016E-49CB-AA26-E5793CD9B1AA}.Release|Any CPU.ActiveCfg = Release|Any CPU
		{185BF441-016E-49CB-AA26-E5793CD9B1AA}.Release|Any CPU.Build.0 = Release|Any CPU
	EndGlobalSection
	GlobalSection(SolutionProperties) = preSolution
		HideSolutionNode = FALSE
	EndGlobalSection
	GlobalSection(ExtensibilityGlobals) = postSolution
		SolutionGuid = {962F3D81-CDA9-4F1E-B0FC-87E3781AB40F}
	EndGlobalSection
EndGlobal
